{
  "name": "teamwork-ds",
  "version": "0.1.1",
  "lockfileVersion": 2,
  "requires": true,
  "packages": {
    "": {
      "version": "0.0.8",
      "hasInstallScript": true,
      "license": "MIT",
      "dependencies": {
        "bootstrap": "^5.1.3",
        "bs-custom-file-input": "^1.3.4",
        "flatpickr": "^4.6.9",
        "jquery": "^3.6.0",
        "jquery-ui-dist": "^1.12.1",
        "moment": "^2.29.1",
        "moment-timezone": "^0.5.33",
        "tokenfield": "^1.4.6",
        "webapputils-ds": "^0.5.1"
      }
    },
    "node_modules/@panva/asn1.js": {
      "version": "1.0.0",
      "resolved": "https://registry.npmjs.org/@panva/asn1.js/-/asn1.js-1.0.0.tgz",
      "integrity": "sha512-UdkG3mLEqXgnlKsWanWcgb6dOjUzJ+XC5f+aWw30qrtjxeNUSfKX1cd5FBzOaXQumoe9nIqeZUvrRJS03HCCtw==",
      "engines": {
        "node": ">=10.13.0"
      }
    },
    "node_modules/@popperjs/core": {
      "version": "2.10.2",
      "resolved": "https://registry.npmjs.org/@popperjs/core/-/core-2.10.2.tgz",
      "integrity": "sha512-IXf3XA7+XyN7CP9gGh/XB0UxVMlvARGEgGXLubFICsUMGz6Q+DU+i4gGlpOxTjKvXjkJDJC8YdqdKkDj9qZHEQ==",
      "peer": true,
      "funding": {
        "type": "opencollective",
        "url": "https://opencollective.com/popperjs"
      }
    },
    "node_modules/bcryptjs": {
      "version": "2.4.3",
      "resolved": "https://registry.npmjs.org/bcryptjs/-/bcryptjs-2.4.3.tgz",
      "integrity": "sha1-mrVie5PmBiH/fNrF2pczAn3x0Ms="
    },
    "node_modules/bootstrap": {
      "version": "5.1.3",
      "resolved": "https://registry.npmjs.org/bootstrap/-/bootstrap-5.1.3.tgz",
      "integrity": "sha512-fcQztozJ8jToQWXxVuEyXWW+dSo8AiXWKwiSSrKWsRB/Qt+Ewwza+JWoLKiTuQLaEPhdNAJ7+Dosc9DOIqNy7Q==",
      "funding": {
        "type": "opencollective",
        "url": "https://opencollective.com/bootstrap"
      },
      "peerDependencies": {
        "@popperjs/core": "^2.10.2"
      }
    },
    "node_modules/bs-custom-file-input": {
      "version": "1.3.4",
      "resolved": "https://registry.npmjs.org/bs-custom-file-input/-/bs-custom-file-input-1.3.4.tgz",
      "integrity": "sha512-NBsQzTnef3OW1MvdKBbMHAYHssCd613MSeJV7z2McXznWtVMnJCy7Ckyc+PwxV6Pk16cu6YBcYWh/ZE0XWNKCA==",
      "engines": {
        "node": ">=8"
      }
    },
    "node_modules/flatpickr": {
      "version": "4.6.9",
      "resolved": "https://registry.npmjs.org/flatpickr/-/flatpickr-4.6.9.tgz",
      "integrity": "sha512-F0azNNi8foVWKSF+8X+ZJzz8r9sE1G4hl06RyceIaLvyltKvDl6vqk9Lm/6AUUCi5HWaIjiUbk7UpeE/fOXOpw=="
    },
    "node_modules/formidable": {
      "version": "1.2.2",
      "resolved": "https://registry.npmjs.org/formidable/-/formidable-1.2.2.tgz",
      "integrity": "sha512-V8gLm+41I/8kguQ4/o1D3RIHRmhYFG4pnNyonvua+40rqcEmT4+V71yaZ3B457xbbgCsCfjSPi65u/W6vK1U5Q==",
      "funding": {
        "url": "https://ko-fi.com/tunnckoCore/commissions"
      }
    },
    "node_modules/jose": {
      "version": "2.0.5",
      "resolved": "https://registry.npmjs.org/jose/-/jose-2.0.5.tgz",
      "integrity": "sha512-BAiDNeDKTMgk4tvD0BbxJ8xHEHBZgpeRZ1zGPPsitSyMgjoMWiLGYAE7H7NpP5h0lPppQajQs871E8NHUrzVPA==",
      "dependencies": {
        "@panva/asn1.js": "^1.0.0"
      },
      "engines": {
        "node": ">=10.13.0 < 13 || >=13.7.0"
      },
      "funding": {
        "url": "https://github.com/sponsors/panva"
      }
    },
    "node_modules/jquery": {
      "version": "3.6.0",
      "resolved": "https://registry.npmjs.org/jquery/-/jquery-3.6.0.tgz",
      "integrity": "sha512-JVzAR/AjBvVt2BmYhxRCSYysDsPcssdmTFnzyLEts9qNwmjmu4JTAMYubEfwVOSwpQ1I1sKKFcxhZCI2buerfw=="
    },
    "node_modules/jquery-ui-dist": {
      "version": "1.12.1",
      "resolved": "https://registry.npmjs.org/jquery-ui-dist/-/jquery-ui-dist-1.12.1.tgz",
      "integrity": "sha1-XAgV08xvkP9fqvWyaKbiO0ypBPo="
    },
    "node_modules/mimetype": {
      "version": "0.0.8",
      "resolved": "https://registry.npmjs.org/mimetype/-/mimetype-0.0.8.tgz",
      "integrity": "sha1-+zACJ5S793Jct7Rt+CDofdkf0IY=",
      "engines": {
        "node": ">= 0.8",
        "npm": ">= 1"
      }
    },
    "node_modules/moment": {
      "version": "2.29.1",
      "resolved": "https://registry.npmjs.org/moment/-/moment-2.29.1.tgz",
      "integrity": "sha512-kHmoybcPV8Sqy59DwNDY3Jefr64lK/by/da0ViFcuA4DH0vQg5Q6Ze5VimxkfQNSC+Mls/Kx53s7TjP1RhFEDQ==",
      "engines": {
        "node": "*"
      }
    },
    "node_modules/moment-timezone": {
      "version": "0.5.33",
      "resolved": "https://registry.npmjs.org/moment-timezone/-/moment-timezone-0.5.33.tgz",
      "integrity": "sha512-PTc2vcT8K9J5/9rDEPe5czSIKgLoGsH8UNpA4qZTVw0Vd/Uz19geE9abbIOQKaAQFcnQ3v5YEXrbSc5BpshH+w==",
      "dependencies": {
        "moment": ">= 2.9.0"
      },
      "engines": {
        "node": "*"
      }
    },
    "node_modules/tokenfield": {
      "version": "1.4.6",
      "resolved": "https://registry.npmjs.org/tokenfield/-/tokenfield-1.4.6.tgz",
      "integrity": "sha512-62jnXAt3JphvtIgORJfFV5YW69gLIniYs6JAW45BYjCddJXi5YvLhlRhC7TaEKCgNpFLPw6U+DUPVBsakAe7Uw=="
    },
    "node_modules/uuid": {
      "version": "8.3.2",
      "resolved": "https://registry.npmjs.org/uuid/-/uuid-8.3.2.tgz",
      "integrity": "sha512-+NYs2QeMWy+GWFOEm9xnn6HCDp0l7QBD7ml8zLUmJ+93Q5NF0NocErnwkTkXVFNiX3/fpC6afS8Dhb/gz7R7eg==",
      "bin": {
        "uuid": "dist/bin/uuid"
      }
    },
    "node_modules/webapputils-ds": {
      "version": "0.5.1",
      "resolved": "https://registry.npmjs.org/webapputils-ds/-/webapputils-ds-0.5.1.tgz",
      "integrity": "sha512-moOxrhyCoei3I1ALiJ282gy09FAgApNMPlLZ/2it//aL6JdwVkN+YK8NZdBGBUWX/99aRjO3sIceaTSMVPLs7A==",
      "dependencies": {
        "bcryptjs": "^2.4.3",
        "formidable": "^1.2.2",
        "jose": "^2.0.5",
        "mimetype": "0.0.8",
        "uuid": "^8.3.2",
        "ws": "^7.4.6"
      }
    },
    "node_modules/ws": {
      "version": "7.5.5",
      "resolved": "https://registry.npmjs.org/ws/-/ws-7.5.5.tgz",
      "integrity": "sha512-BAkMFcAzl8as1G/hArkxOxq3G7pjUqQ3gzYbLL0/5zNkph70e+lCoxBGnm6AW1+/aiNeV4fnKqZ8m4GZewmH2w==",
      "engines": {
        "node": ">=8.3.0"
      },
      "peerDependencies": {
        "bufferutil": "^4.0.1",
        "utf-8-validate": "^5.0.2"
      },
      "peerDependenciesMeta": {
        "bufferutil": {
          "optional": true
        },
        "utf-8-validate": {
          "optional": true
        }
      }
    }
  },
  "dependencies": {
    "@panva/asn1.js": {
      "version": "1.0.0",
      "resolved": "https://registry.npmjs.org/@panva/asn1.js/-/asn1.js-1.0.0.tgz",
      "integrity": "sha512-UdkG3mLEqXgnlKsWanWcgb6dOjUzJ+XC5f+aWw30qrtjxeNUSfKX1cd5FBzOaXQumoe9nIqeZUvrRJS03HCCtw=="
    },
    "@popperjs/core": {
      "version": "2.10.2",
      "resolved": "https://registry.npmjs.org/@popperjs/core/-/core-2.10.2.tgz",
      "integrity": "sha512-IXf3XA7+XyN7CP9gGh/XB0UxVMlvARGEgGXLubFICsUMGz6Q+DU+i4gGlpOxTjKvXjkJDJC8YdqdKkDj9qZHEQ==",
      "peer": true
    },
    "bcryptjs": {
      "version": "2.4.3",
      "resolved": "https://registry.npmjs.org/bcryptjs/-/bcryptjs-2.4.3.tgz",
      "integrity": "sha1-mrVie5PmBiH/fNrF2pczAn3x0Ms="
    },
    "bootstrap": {
      "version": "5.1.3",
      "resolved": "https://registry.npmjs.org/bootstrap/-/bootstrap-5.1.3.tgz",
      "integrity": "sha512-fcQztozJ8jToQWXxVuEyXWW+dSo8AiXWKwiSSrKWsRB/Qt+Ewwza+JWoLKiTuQLaEPhdNAJ7+Dosc9DOIqNy7Q==",
      "requires": {}
    },
    "bs-custom-file-input": {
      "version": "1.3.4",
      "resolved": "https://registry.npmjs.org/bs-custom-file-input/-/bs-custom-file-input-1.3.4.tgz",
      "integrity": "sha512-NBsQzTnef3OW1MvdKBbMHAYHssCd613MSeJV7z2McXznWtVMnJCy7Ckyc+PwxV6Pk16cu6YBcYWh/ZE0XWNKCA=="
    },
    "flatpickr": {
      "version": "4.6.9",
      "resolved": "https://registry.npmjs.org/flatpickr/-/flatpickr-4.6.9.tgz",
      "integrity": "sha512-F0azNNi8foVWKSF+8X+ZJzz8r9sE1G4hl06RyceIaLvyltKvDl6vqk9Lm/6AUUCi5HWaIjiUbk7UpeE/fOXOpw=="
    },
    "formidable": {
      "version": "1.2.2",
      "resolved": "https://registry.npmjs.org/formidable/-/formidable-1.2.2.tgz",
      "integrity": "sha512-V8gLm+41I/8kguQ4/o1D3RIHRmhYFG4pnNyonvua+40rqcEmT4+V71yaZ3B457xbbgCsCfjSPi65u/W6vK1U5Q=="
    },
    "jose": {
      "version": "2.0.5",
      "resolved": "https://registry.npmjs.org/jose/-/jose-2.0.5.tgz",
      "integrity": "sha512-BAiDNeDKTMgk4tvD0BbxJ8xHEHBZgpeRZ1zGPPsitSyMgjoMWiLGYAE7H7NpP5h0lPppQajQs871E8NHUrzVPA==",
      "requires": {
        "@panva/asn1.js": "^1.0.0"
      }
    },
    "jquery": {
      "version": "3.6.0",
      "resolved": "https://registry.npmjs.org/jquery/-/jquery-3.6.0.tgz",
      "integrity": "sha512-JVzAR/AjBvVt2BmYhxRCSYysDsPcssdmTFnzyLEts9qNwmjmu4JTAMYubEfwVOSwpQ1I1sKKFcxhZCI2buerfw=="
    },
    "jquery-ui-dist": {
      "version": "1.12.1",
      "resolved": "https://registry.npmjs.org/jquery-ui-dist/-/jquery-ui-dist-1.12.1.tgz",
      "integrity": "sha1-XAgV08xvkP9fqvWyaKbiO0ypBPo="
    },
    "mimetype": {
      "version": "0.0.8",
      "resolved": "https://registry.npmjs.org/mimetype/-/mimetype-0.0.8.tgz",
      "integrity": "sha1-+zACJ5S793Jct7Rt+CDofdkf0IY="
    },
    "moment": {
      "version": "2.29.1",
      "resolved": "https://registry.npmjs.org/moment/-/moment-2.29.1.tgz",
      "integrity": "sha512-kHmoybcPV8Sqy59DwNDY3Jefr64lK/by/da0ViFcuA4DH0vQg5Q6Ze5VimxkfQNSC+Mls/Kx53s7TjP1RhFEDQ=="
    },
    "moment-timezone": {
      "version": "0.5.33",
      "resolved": "https://registry.npmjs.org/moment-timezone/-/moment-timezone-0.5.33.tgz",
      "integrity": "sha512-PTc2vcT8K9J5/9rDEPe5czSIKgLoGsH8UNpA4qZTVw0Vd/Uz19geE9abbIOQKaAQFcnQ3v5YEXrbSc5BpshH+w==",
      "requires": {
        "moment": ">= 2.9.0"
      }
    },
    "tokenfield": {
      "version": "1.4.6",
      "resolved": "https://registry.npmjs.org/tokenfield/-/tokenfield-1.4.6.tgz",
      "integrity": "sha512-62jnXAt3JphvtIgORJfFV5YW69gLIniYs6JAW45BYjCddJXi5YvLhlRhC7TaEKCgNpFLPw6U+DUPVBsakAe7Uw=="
    },
    "uuid": {
      "version": "8.3.2",
      "resolved": "https://registry.npmjs.org/uuid/-/uuid-8.3.2.tgz",
      "integrity": "sha512-+NYs2QeMWy+GWFOEm9xnn6HCDp0l7QBD7ml8zLUmJ+93Q5NF0NocErnwkTkXVFNiX3/fpC6afS8Dhb/gz7R7eg=="
    },
    "webapputils-ds": {
      "version": "0.5.1",
      "resolved": "https://registry.npmjs.org/webapputils-ds/-/webapputils-ds-0.5.1.tgz",
      "integrity": "sha512-moOxrhyCoei3I1ALiJ282gy09FAgApNMPlLZ/2it//aL6JdwVkN+YK8NZdBGBUWX/99aRjO3sIceaTSMVPLs7A==",
      "requires": {
        "bcryptjs": "^2.4.3",
        "formidable": "^1.2.2",
        "jose": "^2.0.5",
        "mimetype": "0.0.8",
        "uuid": "^8.3.2",
        "ws": "^7.4.6"
      }
    },
    "ws": {
      "version": "7.5.5",
      "resolved": "https://registry.npmjs.org/ws/-/ws-7.5.5.tgz",
      "integrity": "sha512-BAkMFcAzl8as1G/hArkxOxq3G7pjUqQ3gzYbLL0/5zNkph70e+lCoxBGnm6AW1+/aiNeV4fnKqZ8m4GZewmH2w==",
      "requires": {}
    }
  }
}
